// !$*UTF8*$!
{
	archiveVersion = 1;
	classes = {
	};
	objectVersion = 46;
	objects = {

/* Begin PBXBuildFile section */
		324209811DD19265008F78A3 /* CollectionViewCell.swift in Sources */ = {isa = PBXBuildFile; fileRef = 324209801DD19265008F78A3 /* CollectionViewCell.swift */; };
		32456C451DDAEEC6008E2085 /* MeetingRequest_VC.swift in Sources */ = {isa = PBXBuildFile; fileRef = 32456C411DDAEEC6008E2085 /* MeetingRequest_VC.swift */; };
		32456C461DDAEEC6008E2085 /* RadioButton.swift in Sources */ = {isa = PBXBuildFile; fileRef = 32456C421DDAEEC6008E2085 /* RadioButton.swift */; };
		32456C471DDAEEC6008E2085 /* RadioButtons_Manager.swift in Sources */ = {isa = PBXBuildFile; fileRef = 32456C431DDAEEC6008E2085 /* RadioButtons_Manager.swift */; };
		32456C481DDAEEC6008E2085 /* SuggestionList_VC.swift in Sources */ = {isa = PBXBuildFile; fileRef = 32456C441DDAEEC6008E2085 /* SuggestionList_VC.swift */; };
		3269BCE81DCD2B0900E2BF7C /* RestAPIManager.swift in Sources */ = {isa = PBXBuildFile; fileRef = 3269BCE71DCD2B0900E2BF7C /* RestAPIManager.swift */; };
		3269BCEA1DCD2B1300E2BF7C /* SwiftyJSON.swift in Sources */ = {isa = PBXBuildFile; fileRef = 3269BCE91DCD2B1300E2BF7C /* SwiftyJSON.swift */; };
		3269BCEC1DCD9EC600E2BF7C /* UIViewExtensions.swift in Sources */ = {isa = PBXBuildFile; fileRef = 3269BCEB1DCD9EC600E2BF7C /* UIViewExtensions.swift */; };
		3269BCF11DCE41D900E2BF7C /* MapsViewController.swift in Sources */ = {isa = PBXBuildFile; fileRef = 3269BCF01DCE41D900E2BF7C /* MapsViewController.swift */; };
		329104781DC9883C005C7F5B /* ContactEntry.swift in Sources */ = {isa = PBXBuildFile; fileRef = 329104771DC9883C005C7F5B /* ContactEntry.swift */; };
		3291047A1DC9892F005C7F5B /* ContactTableViewCell.swift in Sources */ = {isa = PBXBuildFile; fileRef = 329104791DC9892F005C7F5B /* ContactTableViewCell.swift */; };
		3291047C1DC9AC47005C7F5B /* ContactTableViewCell.xib in Resources */ = {isa = PBXBuildFile; fileRef = 3291047B1DC9AC47005C7F5B /* ContactTableViewCell.xib */; };
		3291047F1DCA8E8F005C7F5B /* Back.png in Resources */ = {isa = PBXBuildFile; fileRef = 3291047D1DCA8E8F005C7F5B /* Back.png */; };
		329104801DCA8E8F005C7F5B /* next.png in Resources */ = {isa = PBXBuildFile; fileRef = 3291047E1DCA8E8F005C7F5B /* next.png */; };
		329104821DCA91E8005C7F5B /* Bkgrnd.jpg in Resources */ = {isa = PBXBuildFile; fileRef = 329104811DCA91E8005C7F5B /* Bkgrnd.jpg */; };
		32B0BEA51DCAAF30006A2FD1 /* HomeScreen_ViewController.swift in Sources */ = {isa = PBXBuildFile; fileRef = 32B0BEA41DCAAF30006A2FD1 /* HomeScreen_ViewController.swift */; };
		32B0BEA71DCAAFCE006A2FD1 /* menu.png in Resources */ = {isa = PBXBuildFile; fileRef = 32B0BEA61DCAAFCE006A2FD1 /* menu.png */; };
		B47BF53DB67A6D965B24E0D8 /* libPods-auto_scheduler.a in Frameworks */ = {isa = PBXBuildFile; fileRef = A5AF0AAF58F840143B8A9E48 /* libPods-auto_scheduler.a */; };
		CC0E00751DD26AB60094336A /* MeetingInformationVC.swift in Sources */ = {isa = PBXBuildFile; fileRef = CC0E00741DD26AB60094336A /* MeetingInformationVC.swift */; };
		CC241D4B1DBF04B7007B9F6C /* AppDelegate.swift in Sources */ = {isa = PBXBuildFile; fileRef = CC241D4A1DBF04B7007B9F6C /* AppDelegate.swift */; };
		CC241D4D1DBF04B7007B9F6C /* Contacts_ViewController.swift in Sources */ = {isa = PBXBuildFile; fileRef = CC241D4C1DBF04B7007B9F6C /* Contacts_ViewController.swift */; };
		CC241D521DBF04B7007B9F6C /* Assets.xcassets in Resources */ = {isa = PBXBuildFile; fileRef = CC241D511DBF04B7007B9F6C /* Assets.xcassets */; };
		CC241D551DBF04B7007B9F6C /* LaunchScreen.storyboard in Resources */ = {isa = PBXBuildFile; fileRef = CC241D531DBF04B7007B9F6C /* LaunchScreen.storyboard */; };
		CC798DB71DE68C25003490E3 /* DataService.swift in Sources */ = {isa = PBXBuildFile; fileRef = CC798DB61DE68C25003490E3 /* DataService.swift */; };
		CCE1801B1DEBF76B0008E904 /* Main.storyboard in Resources */ = {isa = PBXBuildFile; fileRef = CCE180191DEBF76B0008E904 /* Main.storyboard */; };
/* End PBXBuildFile section */

/* Begin PBXFileReference section */
		149B2F0AA30B8F8CACACBBCE /* Pods-auto_scheduler.debug.xcconfig */ = {isa = PBXFileReference; includeInIndex = 1; lastKnownFileType = text.xcconfig; name = "Pods-auto_scheduler.debug.xcconfig"; path = "Pods/Target Support Files/Pods-auto_scheduler/Pods-auto_scheduler.debug.xcconfig"; sourceTree = "<group>"; };
		324209801DD19265008F78A3 /* CollectionViewCell.swift */ = {isa = PBXFileReference; fileEncoding = 4; lastKnownFileType = sourcecode.swift; path = CollectionViewCell.swift; sourceTree = "<group>"; };
		32456C411DDAEEC6008E2085 /* MeetingRequest_VC.swift */ = {isa = PBXFileReference; fileEncoding = 4; lastKnownFileType = sourcecode.swift; path = MeetingRequest_VC.swift; sourceTree = "<group>"; };
		32456C421DDAEEC6008E2085 /* RadioButton.swift */ = {isa = PBXFileReference; fileEncoding = 4; lastKnownFileType = sourcecode.swift; path = RadioButton.swift; sourceTree = "<group>"; };
		32456C431DDAEEC6008E2085 /* RadioButtons_Manager.swift */ = {isa = PBXFileReference; fileEncoding = 4; lastKnownFileType = sourcecode.swift; path = RadioButtons_Manager.swift; sourceTree = "<group>"; };
		32456C441DDAEEC6008E2085 /* SuggestionList_VC.swift */ = {isa = PBXFileReference; fileEncoding = 4; lastKnownFileType = sourcecode.swift; path = SuggestionList_VC.swift; sourceTree = "<group>"; };
		3269BCE71DCD2B0900E2BF7C /* RestAPIManager.swift */ = {isa = PBXFileReference; fileEncoding = 4; lastKnownFileType = sourcecode.swift; path = RestAPIManager.swift; sourceTree = "<group>"; };
		3269BCE91DCD2B1300E2BF7C /* SwiftyJSON.swift */ = {isa = PBXFileReference; fileEncoding = 4; lastKnownFileType = sourcecode.swift; path = SwiftyJSON.swift; sourceTree = "<group>"; };
		3269BCEB1DCD9EC600E2BF7C /* UIViewExtensions.swift */ = {isa = PBXFileReference; fileEncoding = 4; lastKnownFileType = sourcecode.swift; path = UIViewExtensions.swift; sourceTree = "<group>"; };
		3269BCF01DCE41D900E2BF7C /* MapsViewController.swift */ = {isa = PBXFileReference; fileEncoding = 4; lastKnownFileType = sourcecode.swift; path = MapsViewController.swift; sourceTree = "<group>"; };
		329104771DC9883C005C7F5B /* ContactEntry.swift */ = {isa = PBXFileReference; fileEncoding = 4; lastKnownFileType = sourcecode.swift; path = ContactEntry.swift; sourceTree = "<group>"; };
		329104791DC9892F005C7F5B /* ContactTableViewCell.swift */ = {isa = PBXFileReference; fileEncoding = 4; lastKnownFileType = sourcecode.swift; path = ContactTableViewCell.swift; sourceTree = "<group>"; };
		3291047B1DC9AC47005C7F5B /* ContactTableViewCell.xib */ = {isa = PBXFileReference; fileEncoding = 4; lastKnownFileType = file.xib; path = ContactTableViewCell.xib; sourceTree = "<group>"; };
		3291047D1DCA8E8F005C7F5B /* Back.png */ = {isa = PBXFileReference; lastKnownFileType = image.png; name = Back.png; path = Images/Back.png; sourceTree = "<group>"; };
		3291047E1DCA8E8F005C7F5B /* next.png */ = {isa = PBXFileReference; lastKnownFileType = image.png; name = next.png; path = Images/next.png; sourceTree = "<group>"; };
		329104811DCA91E8005C7F5B /* Bkgrnd.jpg */ = {isa = PBXFileReference; lastKnownFileType = image.jpeg; name = Bkgrnd.jpg; path = Images/Bkgrnd.jpg; sourceTree = "<group>"; };
		32B0BEA41DCAAF30006A2FD1 /* HomeScreen_ViewController.swift */ = {isa = PBXFileReference; fileEncoding = 4; lastKnownFileType = sourcecode.swift; path = HomeScreen_ViewController.swift; sourceTree = "<group>"; };
		32B0BEA61DCAAFCE006A2FD1 /* menu.png */ = {isa = PBXFileReference; lastKnownFileType = image.png; name = menu.png; path = Images/menu.png; sourceTree = "<group>"; };
		A5AF0AAF58F840143B8A9E48 /* libPods-auto_scheduler.a */ = {isa = PBXFileReference; explicitFileType = archive.ar; includeInIndex = 0; path = "libPods-auto_scheduler.a"; sourceTree = BUILT_PRODUCTS_DIR; };
		CC0E00741DD26AB60094336A /* MeetingInformationVC.swift */ = {isa = PBXFileReference; fileEncoding = 4; lastKnownFileType = sourcecode.swift; path = MeetingInformationVC.swift; sourceTree = "<group>"; };
		CC241D471DBF04B7007B9F6C /* auto_scheduler.app */ = {isa = PBXFileReference; explicitFileType = wrapper.application; includeInIndex = 0; path = auto_scheduler.app; sourceTree = BUILT_PRODUCTS_DIR; };
		CC241D4A1DBF04B7007B9F6C /* AppDelegate.swift */ = {isa = PBXFileReference; lastKnownFileType = sourcecode.swift; path = AppDelegate.swift; sourceTree = "<group>"; };
		CC241D4C1DBF04B7007B9F6C /* Contacts_ViewController.swift */ = {isa = PBXFileReference; lastKnownFileType = sourcecode.swift; path = Contacts_ViewController.swift; sourceTree = "<group>"; };
		CC241D511DBF04B7007B9F6C /* Assets.xcassets */ = {isa = PBXFileReference; lastKnownFileType = folder.assetcatalog; path = Assets.xcassets; sourceTree = "<group>"; };
		CC241D541DBF04B7007B9F6C /* Base */ = {isa = PBXFileReference; lastKnownFileType = file.storyboard; name = Base; path = Base.lproj/LaunchScreen.storyboard; sourceTree = "<group>"; };
		CC241D561DBF04B7007B9F6C /* Info.plist */ = {isa = PBXFileReference; lastKnownFileType = text.plist.xml; path = Info.plist; sourceTree = "<group>"; };
		CC4A4E691DE3860500247E42 /* auto_scheduler.entitlements */ = {isa = PBXFileReference; lastKnownFileType = text.plist.entitlements; path = auto_scheduler.entitlements; sourceTree = "<group>"; };
		CC798DB61DE68C25003490E3 /* DataService.swift */ = {isa = PBXFileReference; fileEncoding = 4; lastKnownFileType = sourcecode.swift; path = DataService.swift; sourceTree = "<group>"; };
		CCE1801A1DEBF76B0008E904 /* Base */ = {isa = PBXFileReference; lastKnownFileType = file.storyboard; name = Base; path = Base.lproj/Main.storyboard; sourceTree = "<group>"; };
		D825E77895D71999A7D34585 /* Pods-auto_scheduler.release.xcconfig */ = {isa = PBXFileReference; includeInIndex = 1; lastKnownFileType = text.xcconfig; name = "Pods-auto_scheduler.release.xcconfig"; path = "Pods/Target Support Files/Pods-auto_scheduler/Pods-auto_scheduler.release.xcconfig"; sourceTree = "<group>"; };
/* End PBXFileReference section */

/* Begin PBXFrameworksBuildPhase section */
		CC241D441DBF04B7007B9F6C /* Frameworks */ = {
			isa = PBXFrameworksBuildPhase;
			buildActionMask = 2147483647;
			files = (
				B47BF53DB67A6D965B24E0D8 /* libPods-auto_scheduler.a in Frameworks */,
			);
			runOnlyForDeploymentPostprocessing = 0;
		};
/* End PBXFrameworksBuildPhase section */

/* Begin PBXGroup section */
		1822B6EF36127F09B20D186B /* Pods */ = {
			isa = PBXGroup;
			children = (
				149B2F0AA30B8F8CACACBBCE /* Pods-auto_scheduler.debug.xcconfig */,
				D825E77895D71999A7D34585 /* Pods-auto_scheduler.release.xcconfig */,
			);
			name = Pods;
			sourceTree = "<group>";
		};
		28FC5FA9B2610640521A3AD0 /* Frameworks */ = {
			isa = PBXGroup;
			children = (
				A5AF0AAF58F840143B8A9E48 /* libPods-auto_scheduler.a */,
			);
			name = Frameworks;
			sourceTree = "<group>";
		};
		324CCA6C1DC879690083D283 /* Supporting Files */ = {
			isa = PBXGroup;
			children = (
				32B0BEA61DCAAFCE006A2FD1 /* menu.png */,
				329104811DCA91E8005C7F5B /* Bkgrnd.jpg */,
				3291047D1DCA8E8F005C7F5B /* Back.png */,
				3291047E1DCA8E8F005C7F5B /* next.png */,
			);
			name = "Supporting Files";
			sourceTree = "<group>";
		};
		325D3F9C1DCD2398003CCE6B /* APICals */ = {
			isa = PBXGroup;
			children = (
				3269BCE91DCD2B1300E2BF7C /* SwiftyJSON.swift */,
				3269BCE71DCD2B0900E2BF7C /* RestAPIManager.swift */,
			);
			name = APICals;
			sourceTree = "<group>";
		};
		3269BCED1DCD9EE500E2BF7C /* SupportingSwift */ = {
			isa = PBXGroup;
			children = (
				324209801DD19265008F78A3 /* CollectionViewCell.swift */,
				329104791DC9892F005C7F5B /* ContactTableViewCell.swift */,
				3291047B1DC9AC47005C7F5B /* ContactTableViewCell.xib */,
				329104771DC9883C005C7F5B /* ContactEntry.swift */,
				3269BCEB1DCD9EC600E2BF7C /* UIViewExtensions.swift */,
			);
			name = SupportingSwift;
			sourceTree = "<group>";
		};
		32B0BEA31DCAAF11006A2FD1 /* ViewControllers */ = {
			isa = PBXGroup;
			children = (
				32456C441DDAEEC6008E2085 /* SuggestionList_VC.swift */,
				CC0E00741DD26AB60094336A /* MeetingInformationVC.swift */,
				CC241D4C1DBF04B7007B9F6C /* Contacts_ViewController.swift */,
				32B0BEA41DCAAF30006A2FD1 /* HomeScreen_ViewController.swift */,
				3269BCF01DCE41D900E2BF7C /* MapsViewController.swift */,
				CC798DB61DE68C25003490E3 /* DataService.swift */,
			);
			name = ViewControllers;
			sourceTree = "<group>";
		};
		CC241D3E1DBF04B7007B9F6C = {
			isa = PBXGroup;
			children = (
				CC241D491DBF04B7007B9F6C /* auto_scheduler */,
				CC241D481DBF04B7007B9F6C /* Products */,
				1822B6EF36127F09B20D186B /* Pods */,
				28FC5FA9B2610640521A3AD0 /* Frameworks */,
			);
			sourceTree = "<group>";
		};
		CC241D481DBF04B7007B9F6C /* Products */ = {
			isa = PBXGroup;
			children = (
				CC241D471DBF04B7007B9F6C /* auto_scheduler.app */,
			);
			name = Products;
			sourceTree = "<group>";
		};
		CC241D491DBF04B7007B9F6C /* auto_scheduler */ = {
			isa = PBXGroup;
			children = (
				CC4A4E691DE3860500247E42 /* auto_scheduler.entitlements */,
				32456C411DDAEEC6008E2085 /* MeetingRequest_VC.swift */,
				32456C421DDAEEC6008E2085 /* RadioButton.swift */,
				32456C431DDAEEC6008E2085 /* RadioButtons_Manager.swift */,
				3269BCED1DCD9EE500E2BF7C /* SupportingSwift */,
				325D3F9C1DCD2398003CCE6B /* APICals */,
				32B0BEA31DCAAF11006A2FD1 /* ViewControllers */,
				324CCA6C1DC879690083D283 /* Supporting Files */,
				CC241D4A1DBF04B7007B9F6C /* AppDelegate.swift */,
				CC241D511DBF04B7007B9F6C /* Assets.xcassets */,
				CCE180191DEBF76B0008E904 /* Main.storyboard */,
				CC241D531DBF04B7007B9F6C /* LaunchScreen.storyboard */,
				CC241D561DBF04B7007B9F6C /* Info.plist */,
			);
			path = auto_scheduler;
			sourceTree = "<group>";
		};
/* End PBXGroup section */

/* Begin PBXNativeTarget section */
		CC241D461DBF04B7007B9F6C /* auto_scheduler */ = {
			isa = PBXNativeTarget;
			buildConfigurationList = CC241D591DBF04B7007B9F6C /* Build configuration list for PBXNativeTarget "auto_scheduler" */;
			buildPhases = (
				5C405D8BF13B2D406EC07C98 /* [CP] Check Pods Manifest.lock */,
				CC241D431DBF04B7007B9F6C /* Sources */,
				CC241D441DBF04B7007B9F6C /* Frameworks */,
				CC241D451DBF04B7007B9F6C /* Resources */,
				B85422CEE281522F559ECD28 /* [CP] Embed Pods Frameworks */,
				43CD2E425EC7E8E5C51A9D39 /* [CP] Copy Pods Resources */,
			);
			buildRules = (
			);
			dependencies = (
			);
			name = auto_scheduler;
			productName = auto_scheduler;
			productReference = CC241D471DBF04B7007B9F6C /* auto_scheduler.app */;
			productType = "com.apple.product-type.application";
		};
/* End PBXNativeTarget section */

/* Begin PBXProject section */
		CC241D3F1DBF04B7007B9F6C /* Project object */ = {
			isa = PBXProject;
			attributes = {
				LastSwiftUpdateCheck = 0800;
				LastUpgradeCheck = 0800;
				TargetAttributes = {
					CC241D461DBF04B7007B9F6C = {
						CreatedOnToolsVersion = 8.0;
						DevelopmentTeam = 625732G463;
						ProvisioningStyle = Automatic;
						SystemCapabilities = {
							com.apple.BackgroundModes = {
								enabled = 1;
							};
							com.apple.Push = {
								enabled = 1;
							};
						};
					};
				};
			};
			buildConfigurationList = CC241D421DBF04B7007B9F6C /* Build configuration list for PBXProject "auto_scheduler" */;
			compatibilityVersion = "Xcode 3.2";
			developmentRegion = English;
			hasScannedForEncodings = 0;
			knownRegions = (
				en,
				Base,
			);
			mainGroup = CC241D3E1DBF04B7007B9F6C;
			productRefGroup = CC241D481DBF04B7007B9F6C /* Products */;
			projectDirPath = "";
			projectRoot = "";
			targets = (
				CC241D461DBF04B7007B9F6C /* auto_scheduler */,
			);
		};
/* End PBXProject section */

/* Begin PBXResourcesBuildPhase section */
		CC241D451DBF04B7007B9F6C /* Resources */ = {
			isa = PBXResourcesBuildPhase;
			buildActionMask = 2147483647;
			files = (
				32B0BEA71DCAAFCE006A2FD1 /* menu.png in Resources */,
				329104801DCA8E8F005C7F5B /* next.png in Resources */,
				3291047F1DCA8E8F005C7F5B /* Back.png in Resources */,
				CCE1801B1DEBF76B0008E904 /* Main.storyboard in Resources */,
				CC241D551DBF04B7007B9F6C /* LaunchScreen.storyboard in Resources */,
				329104821DCA91E8005C7F5B /* Bkgrnd.jpg in Resources */,
				CC241D521DBF04B7007B9F6C /* Assets.xcassets in Resources */,
				3291047C1DC9AC47005C7F5B /* ContactTableViewCell.xib in Resources */,
			);
			runOnlyForDeploymentPostprocessing = 0;
		};
/* End PBXResourcesBuildPhase section */

/* Begin PBXShellScriptBuildPhase section */
		43CD2E425EC7E8E5C51A9D39 /* [CP] Copy Pods Resources */ = {
			isa = PBXShellScriptBuildPhase;
			buildActionMask = 2147483647;
			files = (
			);
			inputPaths = (
			);
			name = "[CP] Copy Pods Resources";
			outputPaths = (
			);
			runOnlyForDeploymentPostprocessing = 0;
			shellPath = /bin/sh;
			shellScript = "\"${SRCROOT}/Pods/Target Support Files/Pods-auto_scheduler/Pods-auto_scheduler-resources.sh\"\n";
			showEnvVarsInLog = 0;
		};
		5C405D8BF13B2D406EC07C98 /* [CP] Check Pods Manifest.lock */ = {
			isa = PBXShellScriptBuildPhase;
			buildActionMask = 2147483647;
			files = (
			);
			inputPaths = (
			);
			name = "[CP] Check Pods Manifest.lock";
			outputPaths = (
			);
			runOnlyForDeploymentPostprocessing = 0;
			shellPath = /bin/sh;
			shellScript = "diff \"${PODS_ROOT}/../Podfile.lock\" \"${PODS_ROOT}/Manifest.lock\" > /dev/null\nif [ $? != 0 ] ; then\n    # print error to STDERR\n    echo \"error: The sandbox is not in sync with the Podfile.lock. Run 'pod install' or update your CocoaPods installation.\" >&2\n    exit 1\nfi\n";
			showEnvVarsInLog = 0;
		};
		B85422CEE281522F559ECD28 /* [CP] Embed Pods Frameworks */ = {
			isa = PBXShellScriptBuildPhase;
			buildActionMask = 2147483647;
			files = (
			);
			inputPaths = (
			);
			name = "[CP] Embed Pods Frameworks";
			outputPaths = (
			);
			runOnlyForDeploymentPostprocessing = 0;
			shellPath = /bin/sh;
			shellScript = "\"${SRCROOT}/Pods/Target Support Files/Pods-auto_scheduler/Pods-auto_scheduler-frameworks.sh\"\n";
			showEnvVarsInLog = 0;
		};
/* End PBXShellScriptBuildPhase section */

/* Begin PBXSourcesBuildPhase section */
		CC241D431DBF04B7007B9F6C /* Sources */ = {
			isa = PBXSourcesBuildPhase;
			buildActionMask = 2147483647;
			files = (
				324209811DD19265008F78A3 /* CollectionViewCell.swift in Sources */,
				32456C471DDAEEC6008E2085 /* RadioButtons_Manager.swift in Sources */,
				3269BCF11DCE41D900E2BF7C /* MapsViewController.swift in Sources */,
				32B0BEA51DCAAF30006A2FD1 /* HomeScreen_ViewController.swift in Sources */,
				CC241D4D1DBF04B7007B9F6C /* Contacts_ViewController.swift in Sources */,
				32456C451DDAEEC6008E2085 /* MeetingRequest_VC.swift in Sources */,
				3291047A1DC9892F005C7F5B /* ContactTableViewCell.swift in Sources */,
				CC798DB71DE68C25003490E3 /* DataService.swift in Sources */,
				CC241D4B1DBF04B7007B9F6C /* AppDelegate.swift in Sources */,
				32456C461DDAEEC6008E2085 /* RadioButton.swift in Sources */,
				3269BCE81DCD2B0900E2BF7C /* RestAPIManager.swift in Sources */,
				3269BCEC1DCD9EC600E2BF7C /* UIViewExtensions.swift in Sources */,
				32456C481DDAEEC6008E2085 /* SuggestionList_VC.swift in Sources */,
				CC0E00751DD26AB60094336A /* MeetingInformationVC.swift in Sources */,
				3269BCEA1DCD2B1300E2BF7C /* SwiftyJSON.swift in Sources */,
				329104781DC9883C005C7F5B /* ContactEntry.swift in Sources */,
			);
			runOnlyForDeploymentPostprocessing = 0;
		};
/* End PBXSourcesBuildPhase section */

/* Begin PBXVariantGroup section */
		CC241D531DBF04B7007B9F6C /* LaunchScreen.storyboard */ = {
			isa = PBXVariantGroup;
			children = (
				CC241D541DBF04B7007B9F6C /* Base */,
			);
			name = LaunchScreen.storyboard;
			sourceTree = "<group>";
		};
		CCE180191DEBF76B0008E904 /* Main.storyboard */ = {
			isa = PBXVariantGroup;
			children = (
				CCE1801A1DEBF76B0008E904 /* Base */,
			);
			name = Main.storyboard;
			sourceTree = "<group>";
		};
/* End PBXVariantGroup section */

/* Begin XCBuildConfiguration section */
		CC241D571DBF04B7007B9F6C /* Debug */ = {
			isa = XCBuildConfiguration;
			buildSettings = {
				ALWAYS_SEARCH_USER_PATHS = NO;
				CLANG_ANALYZER_NONNULL = YES;
				CLANG_CXX_LANGUAGE_STANDARD = "gnu++0x";
				CLANG_CXX_LIBRARY = "libc++";
				CLANG_ENABLE_MODULES = YES;
				CLANG_ENABLE_OBJC_ARC = YES;
				CLANG_WARN_BOOL_CONVERSION = YES;
				CLANG_WARN_CONSTANT_CONVERSION = YES;
				CLANG_WARN_DIRECT_OBJC_ISA_USAGE = YES_ERROR;
				CLANG_WARN_DOCUMENTATION_COMMENTS = YES;
				CLANG_WARN_EMPTY_BODY = YES;
				CLANG_WARN_ENUM_CONVERSION = YES;
				CLANG_WARN_INFINITE_RECURSION = YES;
				CLANG_WARN_INT_CONVERSION = YES;
				CLANG_WARN_OBJC_ROOT_CLASS = YES_ERROR;
				CLANG_WARN_SUSPICIOUS_MOVES = YES;
				CLANG_WARN_UNREACHABLE_CODE = YES;
				CLANG_WARN__DUPLICATE_METHOD_MATCH = YES;
				"CODE_SIGN_IDENTITY[sdk=iphoneos*]" = "iPhone Developer";
				COPY_PHASE_STRIP = NO;
				DEBUG_INFORMATION_FORMAT = dwarf;
				ENABLE_STRICT_OBJC_MSGSEND = YES;
				ENABLE_TESTABILITY = YES;
				GCC_C_LANGUAGE_STANDARD = gnu99;
				GCC_DYNAMIC_NO_PIC = NO;
				GCC_NO_COMMON_BLOCKS = YES;
				GCC_OPTIMIZATION_LEVEL = 0;
				GCC_PREPROCESSOR_DEFINITIONS = (
					"DEBUG=1",
					"$(inherited)",
				);
				GCC_WARN_64_TO_32_BIT_CONVERSION = YES;
				GCC_WARN_ABOUT_RETURN_TYPE = YES_ERROR;
				GCC_WARN_UNDECLARED_SELECTOR = YES;
				GCC_WARN_UNINITIALIZED_AUTOS = YES_AGGRESSIVE;
				GCC_WARN_UNUSED_FUNCTION = YES;
				GCC_WARN_UNUSED_VARIABLE = YES;
				IPHONEOS_DEPLOYMENT_TARGET = 10.0;
				MTL_ENABLE_DEBUG_INFO = YES;
				ONLY_ACTIVE_ARCH = YES;
				SDKROOT = iphoneos;
				SWIFT_ACTIVE_COMPILATION_CONDITIONS = DEBUG;
				SWIFT_OPTIMIZATION_LEVEL = "-Onone";
			};
			name = Debug;
		};
		CC241D581DBF04B7007B9F6C /* Release */ = {
			isa = XCBuildConfiguration;
			buildSettings = {
				ALWAYS_SEARCH_USER_PATHS = NO;
				CLANG_ANALYZER_NONNULL = YES;
				CLANG_CXX_LANGUAGE_STANDARD = "gnu++0x";
				CLANG_CXX_LIBRARY = "libc++";
				CLANG_ENABLE_MODULES = YES;
				CLANG_ENABLE_OBJC_ARC = YES;
				CLANG_WARN_BOOL_CONVERSION = YES;
				CLANG_WARN_CONSTANT_CONVERSION = YES;
				CLANG_WARN_DIRECT_OBJC_ISA_USAGE = YES_ERROR;
				CLANG_WARN_DOCUMENTATION_COMMENTS = YES;
				CLANG_WARN_EMPTY_BODY = YES;
				CLANG_WARN_ENUM_CONVERSION = YES;
				CLANG_WARN_INFINITE_RECURSION = YES;
				CLANG_WARN_INT_CONVERSION = YES;
				CLANG_WARN_OBJC_ROOT_CLASS = YES_ERROR;
				CLANG_WARN_SUSPICIOUS_MOVES = YES;
				CLANG_WARN_UNREACHABLE_CODE = YES;
				CLANG_WARN__DUPLICATE_METHOD_MATCH = YES;
				"CODE_SIGN_IDENTITY[sdk=iphoneos*]" = "iPhone Developer";
				COPY_PHASE_STRIP = NO;
				DEBUG_INFORMATION_FORMAT = "dwarf-with-dsym";
				ENABLE_NS_ASSERTIONS = NO;
				ENABLE_STRICT_OBJC_MSGSEND = YES;
				GCC_C_LANGUAGE_STANDARD = gnu99;
				GCC_NO_COMMON_BLOCKS = YES;
				GCC_WARN_64_TO_32_BIT_CONVERSION = YES;
				GCC_WARN_ABOUT_RETURN_TYPE = YES_ERROR;
				GCC_WARN_UNDECLARED_SELECTOR = YES;
				GCC_WARN_UNINITIALIZED_AUTOS = YES_AGGRESSIVE;
				GCC_WARN_UNUSED_FUNCTION = YES;
				GCC_WARN_UNUSED_VARIABLE = YES;
				IPHONEOS_DEPLOYMENT_TARGET = 10.0;
				MTL_ENABLE_DEBUG_INFO = NO;
				SDKROOT = iphoneos;
				SWIFT_OPTIMIZATION_LEVEL = "-Owholemodule";
				VALIDATE_PRODUCT = YES;
			};
			name = Release;
		};
		CC241D5A1DBF04B7007B9F6C /* Debug */ = {
			isa = XCBuildConfiguration;
			baseConfigurationReference = 149B2F0AA30B8F8CACACBBCE /* Pods-auto_scheduler.debug.xcconfig */;
			buildSettings = {
				ASSETCATALOG_COMPILER_APPICON_NAME = AppIcon;
				CODE_SIGN_ENTITLEMENTS = auto_scheduler/auto_scheduler.entitlements;
				DEVELOPMENT_TEAM = 625732G463;
				INFOPLIST_FILE = auto_scheduler/Info.plist;
				IPHONEOS_DEPLOYMENT_TARGET = 10.0;
				LD_RUNPATH_SEARCH_PATHS = "$(inherited) @executable_path/Frameworks";
				PRODUCT_BUNDLE_IDENTIFIER = autosched.team12.com;
				PRODUCT_NAME = "$(TARGET_NAME)";
				SWIFT_VERSION = 3.0;
			};
			name = Debug;
		};
		CC241D5B1DBF04B7007B9F6C /* Release */ = {
			isa = XCBuildConfiguration;
			baseConfigurationReference = D825E77895D71999A7D34585 /* Pods-auto_scheduler.release.xcconfig */;
			buildSettings = {
				ASSETCATALOG_COMPILER_APPICON_NAME = AppIcon;
				CODE_SIGN_ENTITLEMENTS = auto_scheduler/auto_scheduler.entitlements;
				DEVELOPMENT_TEAM = 625732G463;
				INFOPLIST_FILE = auto_scheduler/Info.plist;
				IPHONEOS_DEPLOYMENT_TARGET = 10.0;
				LD_RUNPATH_SEARCH_PATHS = "$(inherited) @executable_path/Frameworks";
				PRODUCT_BUNDLE_IDENTIFIER = autosched.team12.com;
				PRODUCT_NAME = "$(TARGET_NAME)";
				SWIFT_VERSION = 3.0;
			};
			name = Release;
		};
/* End XCBuildConfiguration section */

/* Begin XCConfigurationList section */
		CC241D421DBF04B7007B9F6C /* Build configuration list for PBXProject "auto_scheduler" */ = {
			isa = XCConfigurationList;
			buildConfigurations = (
				CC241D571DBF04B7007B9F6C /* Debug */,
				CC241D581DBF04B7007B9F6C /* Release */,
			);
			defaultConfigurationIsVisible = 0;
			defaultConfigurationName = Release;
		};
		CC241D591DBF04B7007B9F6C /* Build configuration list for PBXNativeTarget "auto_scheduler" */ = {
			isa = XCConfigurationList;
			buildConfigurations = (
				CC241D5A1DBF04B7007B9F6C /* Debug */,
				CC241D5B1DBF04B7007B9F6C /* Release */,
			);
			defaultConfigurationIsVisible = 0;
			defaultConfigurationName = Release;
		};
/* End XCConfigurationList section */
	};
	rootObject = CC241D3F1DBF04B7007B9F6C /* Project object */;
}
